// !$*UTF8*$!
{
	archiveVersion = 1;
	classes = {
	};
	objectVersion = 50;
	objects = {

/* Begin PBXBuildFile section */
		BE05A2DD234C899100C0EE87 /* TestLayout.swift in Sources */ = {isa = PBXBuildFile; fileRef = BE05A2DC234C899100C0EE87 /* TestLayout.swift */; };
		BE8D17452338A3DE0005A73B /* AppDelegate.swift in Sources */ = {isa = PBXBuildFile; fileRef = BE8D17442338A3DE0005A73B /* AppDelegate.swift */; };
		BE8D17472338A3DE0005A73B /* SceneDelegate.swift in Sources */ = {isa = PBXBuildFile; fileRef = BE8D17462338A3DE0005A73B /* SceneDelegate.swift */; };
		BE8D17492338A3DE0005A73B /* ContentView.swift in Sources */ = {isa = PBXBuildFile; fileRef = BE8D17482338A3DE0005A73B /* ContentView.swift */; };
		BE8D174B2338A3E90005A73B /* Assets.xcassets in Resources */ = {isa = PBXBuildFile; fileRef = BE8D174A2338A3E90005A73B /* Assets.xcassets */; };
		BE8D174E2338A3E90005A73B /* Preview Assets.xcassets in Resources */ = {isa = PBXBuildFile; fileRef = BE8D174D2338A3E90005A73B /* Preview Assets.xcassets */; };
		BE8D17512338A3E90005A73B /* LaunchScreen.storyboard in Resources */ = {isa = PBXBuildFile; fileRef = BE8D174F2338A3E90005A73B /* LaunchScreen.storyboard */; };
		BE8D175C2338A3EA0005A73B /* PocketMoneyTrackerUITests.swift in Sources */ = {isa = PBXBuildFile; fileRef = BE8D175B2338A3EA0005A73B /* PocketMoneyTrackerUITests.swift */; };
		BE8D17672338A4520005A73B /* Model.swift in Sources */ = {isa = PBXBuildFile; fileRef = BE8D17662338A4510005A73B /* Model.swift */; };
		BE8D1769233940CE0005A73B /* CheckboxView.swift in Sources */ = {isa = PBXBuildFile; fileRef = BE8D1768233940CE0005A73B /* CheckboxView.swift */; };
		BE987144234BADEB0037CFBD /* DayPicker.swift in Sources */ = {isa = PBXBuildFile; fileRef = BE987143234BADEB0037CFBD /* DayPicker.swift */; };
		BEB61254233A813200894D9B /* TaskStatusButton.swift in Sources */ = {isa = PBXBuildFile; fileRef = BEB61253233A813200894D9B /* TaskStatusButton.swift */; };
/* End PBXBuildFile section */

/* Begin PBXContainerItemProxy section */
		BE8D17582338A3EA0005A73B /* PBXContainerItemProxy */ = {
			isa = PBXContainerItemProxy;
			containerPortal = BE8D17392338A3DE0005A73B /* Project object */;
			proxyType = 1;
			remoteGlobalIDString = BE8D17402338A3DE0005A73B;
			remoteInfo = PocketMoneyTracker;
		};
/* End PBXContainerItemProxy section */

/* Begin PBXFileReference section */
		BE05A2DC234C899100C0EE87 /* TestLayout.swift */ = {isa = PBXFileReference; lastKnownFileType = sourcecode.swift; path = TestLayout.swift; sourceTree = "<group>"; };
		BE8D17412338A3DE0005A73B /* PocketMoneyTracker.app */ = {isa = PBXFileReference; explicitFileType = wrapper.application; includeInIndex = 0; path = PocketMoneyTracker.app; sourceTree = BUILT_PRODUCTS_DIR; };
		BE8D17442338A3DE0005A73B /* AppDelegate.swift */ = {isa = PBXFileReference; lastKnownFileType = sourcecode.swift; path = AppDelegate.swift; sourceTree = "<group>"; };
		BE8D17462338A3DE0005A73B /* SceneDelegate.swift */ = {isa = PBXFileReference; lastKnownFileType = sourcecode.swift; path = SceneDelegate.swift; sourceTree = "<group>"; };
		BE8D17482338A3DE0005A73B /* ContentView.swift */ = {isa = PBXFileReference; lastKnownFileType = sourcecode.swift; path = ContentView.swift; sourceTree = "<group>"; };
		BE8D174A2338A3E90005A73B /* Assets.xcassets */ = {isa = PBXFileReference; lastKnownFileType = folder.assetcatalog; path = Assets.xcassets; sourceTree = "<group>"; };
		BE8D174D2338A3E90005A73B /* Preview Assets.xcassets */ = {isa = PBXFileReference; lastKnownFileType = folder.assetcatalog; path = "Preview Assets.xcassets"; sourceTree = "<group>"; };
		BE8D17502338A3E90005A73B /* Base */ = {isa = PBXFileReference; lastKnownFileType = file.storyboard; name = Base; path = Base.lproj/LaunchScreen.storyboard; sourceTree = "<group>"; };
		BE8D17522338A3E90005A73B /* Info.plist */ = {isa = PBXFileReference; lastKnownFileType = text.plist.xml; path = Info.plist; sourceTree = "<group>"; };
		BE8D17572338A3EA0005A73B /* PocketMoneyTrackerUITests.xctest */ = {isa = PBXFileReference; explicitFileType = wrapper.cfbundle; includeInIndex = 0; path = PocketMoneyTrackerUITests.xctest; sourceTree = BUILT_PRODUCTS_DIR; };
		BE8D175B2338A3EA0005A73B /* PocketMoneyTrackerUITests.swift */ = {isa = PBXFileReference; lastKnownFileType = sourcecode.swift; path = PocketMoneyTrackerUITests.swift; sourceTree = "<group>"; };
		BE8D175D2338A3EA0005A73B /* Info.plist */ = {isa = PBXFileReference; lastKnownFileType = text.plist.xml; path = Info.plist; sourceTree = "<group>"; };
		BE8D17662338A4510005A73B /* Model.swift */ = {isa = PBXFileReference; fileEncoding = 4; lastKnownFileType = sourcecode.swift; path = Model.swift; sourceTree = "<group>"; };
		BE8D1768233940CE0005A73B /* CheckboxView.swift */ = {isa = PBXFileReference; fileEncoding = 4; lastKnownFileType = sourcecode.swift; path = CheckboxView.swift; sourceTree = "<group>"; };
		BE987143234BADEB0037CFBD /* DayPicker.swift */ = {isa = PBXFileReference; lastKnownFileType = sourcecode.swift; path = DayPicker.swift; sourceTree = "<group>"; };
		BEB61253233A813200894D9B /* TaskStatusButton.swift */ = {isa = PBXFileReference; fileEncoding = 4; lastKnownFileType = sourcecode.swift; path = TaskStatusButton.swift; sourceTree = "<group>"; };
/* End PBXFileReference section */

/* Begin PBXFrameworksBuildPhase section */
		BE8D173E2338A3DE0005A73B /* Frameworks */ = {
			isa = PBXFrameworksBuildPhase;
			buildActionMask = 2147483647;
			files = (
			);
			runOnlyForDeploymentPostprocessing = 0;
		};
		BE8D17542338A3EA0005A73B /* Frameworks */ = {
			isa = PBXFrameworksBuildPhase;
			buildActionMask = 2147483647;
			files = (
			);
			runOnlyForDeploymentPostprocessing = 0;
		};
/* End PBXFrameworksBuildPhase section */

/* Begin PBXGroup section */
		BE8D17382338A3DE0005A73B = {
			isa = PBXGroup;
			children = (
				BE8D17432338A3DE0005A73B /* PocketMoneyTracker */,
				BE8D175A2338A3EA0005A73B /* PocketMoneyTrackerUITests */,
				BE8D17422338A3DE0005A73B /* Products */,
			);
			sourceTree = "<group>";
		};
		BE8D17422338A3DE0005A73B /* Products */ = {
			isa = PBXGroup;
			children = (
				BE8D17412338A3DE0005A73B /* PocketMoneyTracker.app */,
				BE8D17572338A3EA0005A73B /* PocketMoneyTrackerUITests.xctest */,
			);
			name = Products;
			sourceTree = "<group>";
		};
		BE8D17432338A3DE0005A73B /* PocketMoneyTracker */ = {
			isa = PBXGroup;
			children = (
				BE8D17442338A3DE0005A73B /* AppDelegate.swift */,
				BE8D17462338A3DE0005A73B /* SceneDelegate.swift */,
				BE8D17662338A4510005A73B /* Model.swift */,
				BE8D1768233940CE0005A73B /* CheckboxView.swift */,
				BE8D17482338A3DE0005A73B /* ContentView.swift */,
				BE987143234BADEB0037CFBD /* DayPicker.swift */,
				BEB61253233A813200894D9B /* TaskStatusButton.swift */,
				BE8D174A2338A3E90005A73B /* Assets.xcassets */,
				BE05A2DC234C899100C0EE87 /* TestLayout.swift */,
				BE8D174F2338A3E90005A73B /* LaunchScreen.storyboard */,
				BE8D17522338A3E90005A73B /* Info.plist */,
				BE8D174C2338A3E90005A73B /* Preview Content */,
			);
			path = PocketMoneyTracker;
			sourceTree = "<group>";
		};
		BE8D174C2338A3E90005A73B /* Preview Content */ = {
			isa = PBXGroup;
			children = (
				BE8D174D2338A3E90005A73B /* Preview Assets.xcassets */,
			);
			path = "Preview Content";
			sourceTree = "<group>";
		};
		BE8D175A2338A3EA0005A73B /* PocketMoneyTrackerUITests */ = {
			isa = PBXGroup;
			children = (
				BE8D175B2338A3EA0005A73B /* PocketMoneyTrackerUITests.swift */,
				BE8D175D2338A3EA0005A73B /* Info.plist */,
			);
			path = PocketMoneyTrackerUITests;
			sourceTree = "<group>";
		};
/* End PBXGroup section */

/* Begin PBXNativeTarget section */
		BE8D17402338A3DE0005A73B /* PocketMoneyTracker */ = {
			isa = PBXNativeTarget;
			buildConfigurationList = BE8D17602338A3EA0005A73B /* Build configuration list for PBXNativeTarget "PocketMoneyTracker" */;
			buildPhases = (
				BE8D173D2338A3DE0005A73B /* Sources */,
				BE8D173E2338A3DE0005A73B /* Frameworks */,
				BE8D173F2338A3DE0005A73B /* Resources */,
			);
			buildRules = (
			);
			dependencies = (
			);
			name = PocketMoneyTracker;
			productName = PocketMoneyTracker;
			productReference = BE8D17412338A3DE0005A73B /* PocketMoneyTracker.app */;
			productType = "com.apple.product-type.application";
		};
		BE8D17562338A3EA0005A73B /* PocketMoneyTrackerUITests */ = {
			isa = PBXNativeTarget;
			buildConfigurationList = BE8D17632338A3EA0005A73B /* Build configuration list for PBXNativeTarget "PocketMoneyTrackerUITests" */;
			buildPhases = (
				BE8D17532338A3EA0005A73B /* Sources */,
				BE8D17542338A3EA0005A73B /* Frameworks */,
				BE8D17552338A3EA0005A73B /* Resources */,
			);
			buildRules = (
			);
			dependencies = (
				BE8D17592338A3EA0005A73B /* PBXTargetDependency */,
			);
			name = PocketMoneyTrackerUITests;
			productName = PocketMoneyTrackerUITests;
			productReference = BE8D17572338A3EA0005A73B /* PocketMoneyTrackerUITests.xctest */;
			productType = "com.apple.product-type.bundle.ui-testing";
		};
/* End PBXNativeTarget section */

/* Begin PBXProject section */
		BE8D17392338A3DE0005A73B /* Project object */ = {
			isa = PBXProject;
			attributes = {
				LastSwiftUpdateCheck = 1100;
				LastUpgradeCheck = 1100;
				ORGANIZATIONNAME = "Euan Macfarlane";
				TargetAttributes = {
					BE8D17402338A3DE0005A73B = {
						CreatedOnToolsVersion = 11.0;
					};
					BE8D17562338A3EA0005A73B = {
						CreatedOnToolsVersion = 11.0;
						TestTargetID = BE8D17402338A3DE0005A73B;
					};
				};
			};
			buildConfigurationList = BE8D173C2338A3DE0005A73B /* Build configuration list for PBXProject "PocketMoneyTracker" */;
			compatibilityVersion = "Xcode 9.3";
			developmentRegion = en;
			hasScannedForEncodings = 0;
			knownRegions = (
				en,
				Base,
			);
			mainGroup = BE8D17382338A3DE0005A73B;
			productRefGroup = BE8D17422338A3DE0005A73B /* Products */;
			projectDirPath = "";
			projectRoot = "";
			targets = (
				BE8D17402338A3DE0005A73B /* PocketMoneyTracker */,
				BE8D17562338A3EA0005A73B /* PocketMoneyTrackerUITests */,
			);
		};
/* End PBXProject section */

/* Begin PBXResourcesBuildPhase section */
		BE8D173F2338A3DE0005A73B /* Resources */ = {
			isa = PBXResourcesBuildPhase;
			buildActionMask = 2147483647;
			files = (
				BE8D17512338A3E90005A73B /* LaunchScreen.storyboard in Resources */,
				BE8D174E2338A3E90005A73B /* Preview Assets.xcassets in Resources */,
				BE8D174B2338A3E90005A73B /* Assets.xcassets in Resources */,
			);
			runOnlyForDeploymentPostprocessing = 0;
		};
		BE8D17552338A3EA0005A73B /* Resources */ = {
			isa = PBXResourcesBuildPhase;
			buildActionMask = 2147483647;
			files = (
			);
			runOnlyForDeploymentPostprocessing = 0;
		};
/* End PBXResourcesBuildPhase section */

/* Begin PBXSourcesBuildPhase section */
		BE8D173D2338A3DE0005A73B /* Sources */ = {
			isa = PBXSourcesBuildPhase;
			buildActionMask = 2147483647;
			files = (
				BE987144234BADEB0037CFBD /* DayPicker.swift in Sources */,
				BE05A2DD234C899100C0EE87 /* TestLayout.swift in Sources */,
				BEB61254233A813200894D9B /* TaskStatusButton.swift in Sources */,
				BE8D17452338A3DE0005A73B /* AppDelegate.swift in Sources */,
				BE8D17472338A3DE0005A73B /* SceneDelegate.swift in Sources */,
				BE8D17492338A3DE0005A73B /* ContentView.swift in Sources */,
				BE8D1769233940CE0005A73B /* CheckboxView.swift in Sources */,
				BE8D17672338A4520005A73B /* Model.swift in Sources */,
			);
			runOnlyForDeploymentPostprocessing = 0;
		};
		BE8D17532338A3EA0005A73B /* Sources */ = {
			isa = PBXSourcesBuildPhase;
			buildActionMask = 2147483647;
			files = (
				BE8D175C2338A3EA0005A73B /* PocketMoneyTrackerUITests.swift in Sources */,
			);
			runOnlyForDeploymentPostprocessing = 0;
		};
/* End PBXSourcesBuildPhase section */

/* Begin PBXTargetDependency section */
		BE8D17592338A3EA0005A73B /* PBXTargetDependency */ = {
			isa = PBXTargetDependency;
			target = BE8D17402338A3DE0005A73B /* PocketMoneyTracker */;
			targetProxy = BE8D17582338A3EA0005A73B /* PBXContainerItemProxy */;
		};
/* End PBXTargetDependency section */

/* Begin PBXVariantGroup section */
		BE8D174F2338A3E90005A73B /* LaunchScreen.storyboard */ = {
			isa = PBXVariantGroup;
			children = (
				BE8D17502338A3E90005A73B /* Base */,
			);
			name = LaunchScreen.storyboard;
			sourceTree = "<group>";
		};
/* End PBXVariantGroup section */

/* Begin XCBuildConfiguration section */
		BE8D175E2338A3EA0005A73B /* Debug */ = {
			isa = XCBuildConfiguration;
			buildSettings = {
				ALWAYS_SEARCH_USER_PATHS = NO;
				CLANG_ANALYZER_NONNULL = YES;
				CLANG_ANALYZER_NUMBER_OBJECT_CONVERSION = YES_AGGRESSIVE;
				CLANG_CXX_LANGUAGE_STANDARD = "gnu++14";
				CLANG_CXX_LIBRARY = "libc++";
				CLANG_ENABLE_MODULES = YES;
				CLANG_ENABLE_OBJC_ARC = YES;
				CLANG_ENABLE_OBJC_WEAK = YES;
				CLANG_WARN_BLOCK_CAPTURE_AUTORELEASING = YES;
				CLANG_WARN_BOOL_CONVERSION = YES;
				CLANG_WARN_COMMA = YES;
				CLANG_WARN_CONSTANT_CONVERSION = YES;
				CLANG_WARN_DEPRECATED_OBJC_IMPLEMENTATIONS = YES;
				CLANG_WARN_DIRECT_OBJC_ISA_USAGE = YES_ERROR;
				CLANG_WARN_DOCUMENTATION_COMMENTS = YES;
				CLANG_WARN_EMPTY_BODY = YES;
				CLANG_WARN_ENUM_CONVERSION = YES;
				CLANG_WARN_INFINITE_RECURSION = YES;
				CLANG_WARN_INT_CONVERSION = YES;
				CLANG_WARN_NON_LITERAL_NULL_CONVERSION = YES;
				CLANG_WARN_OBJC_IMPLICIT_RETAIN_SELF = YES;
				CLANG_WARN_OBJC_LITERAL_CONVERSION = YES;
				CLANG_WARN_OBJC_ROOT_CLASS = YES_ERROR;
				CLANG_WARN_RANGE_LOOP_ANALYSIS = YES;
				CLANG_WARN_STRICT_PROTOTYPES = YES;
				CLANG_WARN_SUSPICIOUS_MOVE = YES;
				CLANG_WARN_UNGUARDED_AVAILABILITY = YES_AGGRESSIVE;
				CLANG_WARN_UNREACHABLE_CODE = YES;
				CLANG_WARN__DUPLICATE_METHOD_MATCH = YES;
				COPY_PHASE_STRIP = NO;
				DEBUG_INFORMATION_FORMAT = dwarf;
				ENABLE_STRICT_OBJC_MSGSEND = YES;
				ENABLE_TESTABILITY = YES;
				GCC_C_LANGUAGE_STANDARD = gnu11;
				GCC_DYNAMIC_NO_PIC = NO;
				GCC_NO_COMMON_BLOCKS = YES;
				GCC_OPTIMIZATION_LEVEL = 0;
				GCC_PREPROCESSOR_DEFINITIONS = (
					"DEBUG=1",
					"$(inherited)",
				);
				GCC_WARN_64_TO_32_BIT_CONVERSION = YES;
				GCC_WARN_ABOUT_RETURN_TYPE = YES_ERROR;
				GCC_WARN_UNDECLARED_SELECTOR = YES;
				GCC_WARN_UNINITIALIZED_AUTOS = YES_AGGRESSIVE;
				GCC_WARN_UNUSED_FUNCTION = YES;
				GCC_WARN_UNUSED_VARIABLE = YES;
				IPHONEOS_DEPLOYMENT_TARGET = 13.0;
				MTL_ENABLE_DEBUG_INFO = INCLUDE_SOURCE;
				MTL_FAST_MATH = YES;
				ONLY_ACTIVE_ARCH = YES;
				SDKROOT = iphoneos;
				SWIFT_ACTIVE_COMPILATION_CONDITIONS = DEBUG;
				SWIFT_OPTIMIZATION_LEVEL = "-Onone";
			};
			name = Debug;
		};
		BE8D175F2338A3EA0005A73B /* Release */ = {
			isa = XCBuildConfiguration;
			buildSettings = {
				ALWAYS_SEARCH_USER_PATHS = NO;
				CLANG_ANALYZER_NONNULL = YES;
				CLANG_ANALYZER_NUMBER_OBJECT_CONVERSION = YES_AGGRESSIVE;
				CLANG_CXX_LANGUAGE_STANDARD = "gnu++14";
				CLANG_CXX_LIBRARY = "libc++";
				CLANG_ENABLE_MODULES = YES;
				CLANG_ENABLE_OBJC_ARC = YES;
				CLANG_ENABLE_OBJC_WEAK = YES;
				CLANG_WARN_BLOCK_CAPTURE_AUTORELEASING = YES;
				CLANG_WARN_BOOL_CONVERSION = YES;
				CLANG_WARN_COMMA = YES;
				CLANG_WARN_CONSTANT_CONVERSION = YES;
				CLANG_WARN_DEPRECATED_OBJC_IMPLEMENTATIONS = YES;
				CLANG_WARN_DIRECT_OBJC_ISA_USAGE = YES_ERROR;
				CLANG_WARN_DOCUMENTATION_COMMENTS = YES;
				CLANG_WARN_EMPTY_BODY = YES;
				CLANG_WARN_ENUM_CONVERSION = YES;
				CLANG_WARN_INFINITE_RECURSION = YES;
				CLANG_WARN_INT_CONVERSION = YES;
				CLANG_WARN_NON_LITERAL_NULL_CONVERSION = YES;
				CLANG_WARN_OBJC_IMPLICIT_RETAIN_SELF = YES;
				CLANG_WARN_OBJC_LITERAL_CONVERSION = YES;
				CLANG_WARN_OBJC_ROOT_CLASS = YES_ERROR;
				CLANG_WARN_RANGE_LOOP_ANALYSIS = YES;
				CLANG_WARN_STRICT_PROTOTYPES = YES;
				CLANG_WARN_SUSPICIOUS_MOVE = YES;
				CLANG_WARN_UNGUARDED_AVAILABILITY = YES_AGGRESSIVE;
				CLANG_WARN_UNREACHABLE_CODE = YES;
				CLANG_WARN__DUPLICATE_METHOD_MATCH = YES;
				COPY_PHASE_STRIP = NO;
				DEBUG_INFORMATION_FORMAT = "dwarf-with-dsym";
				ENABLE_NS_ASSERTIONS = NO;
				ENABLE_STRICT_OBJC_MSGSEND = YES;
				GCC_C_LANGUAGE_STANDARD = gnu11;
				GCC_NO_COMMON_BLOCKS = YES;
				GCC_WARN_64_TO_32_BIT_CONVERSION = YES;
				GCC_WARN_ABOUT_RETURN_TYPE = YES_ERROR;
				GCC_WARN_UNDECLARED_SELECTOR = YES;
				GCC_WARN_UNINITIALIZED_AUTOS = YES_AGGRESSIVE;
				GCC_WARN_UNUSED_FUNCTION = YES;
				GCC_WARN_UNUSED_VARIABLE = YES;
				IPHONEOS_DEPLOYMENT_TARGET = 13.0;
				MTL_ENABLE_DEBUG_INFO = NO;
				MTL_FAST_MATH = YES;
				SDKROOT = iphoneos;
				SWIFT_COMPILATION_MODE = wholemodule;
				SWIFT_OPTIMIZATION_LEVEL = "-O";
				VALIDATE_PRODUCT = YES;
			};
			name = Release;
		};
		BE8D17612338A3EA0005A73B /* Debug */ = {
			isa = XCBuildConfiguration;
			buildSettings = {
				ASSETCATALOG_COMPILER_APPICON_NAME = AppIcon;
				CODE_SIGN_STYLE = Automatic;
				DEVELOPMENT_ASSET_PATHS = "\"PocketMoneyTracker/Preview Content\"";
				DEVELOPMENT_TEAM = LUYCFUH4F2;
				ENABLE_PREVIEWS = YES;
				INFOPLIST_FILE = PocketMoneyTracker/Info.plist;
				LD_RUNPATH_SEARCH_PATHS = (
					"$(inherited)",
					"@executable_path/Frameworks",
				);
				PRODUCT_BUNDLE_IDENTIFIER = euan2.com.PocketMoneyTracker;
				PRODUCT_NAME = "$(TARGET_NAME)";
				SWIFT_VERSION = 5.0;
				TARGETED_DEVICE_FAMILY = "1,2";
			};
			name = Debug;
		};
		BE8D17622338A3EA0005A73B /* Release */ = {
			isa = XCBuildConfiguration;
			buildSettings = {
				ASSETCATALOG_COMPILER_APPICON_NAME = AppIcon;
				CODE_SIGN_STYLE = Automatic;
				DEVELOPMENT_ASSET_PATHS = "\"PocketMoneyTracker/Preview Content\"";
				DEVELOPMENT_TEAM = LUYCFUH4F2;
				ENABLE_PREVIEWS = YES;
				INFOPLIST_FILE = PocketMoneyTracker/Info.plist;
				LD_RUNPATH_SEARCH_PATHS = (
					"$(inherited)",
					"@executable_path/Frameworks",
				);
				PRODUCT_BUNDLE_IDENTIFIER = euan2.com.PocketMoneyTracker;
				PRODUCT_NAME = "$(TARGET_NAME)";
				SWIFT_VERSION = 5.0;
				TARGETED_DEVICE_FAMILY = "1,2";
			};
			name = Release;
		};
		BE8D17642338A3EA0005A73B /* Debug */ = {
			isa = XCBuildConfiguration;
			buildSettings = {
				ALWAYS_EMBED_SWIFT_STANDARD_LIBRARIES = YES;
				CODE_SIGN_STYLE = Automatic;
				DEVELOPMENT_TEAM = LUYCFUH4F2;
				INFOPLIST_FILE = PocketMoneyTrackerUITests/Info.plist;
				LD_RUNPATH_SEARCH_PATHS = (
					"$(inherited)",
					"@executable_path/Frameworks",
					"@loader_path/Frameworks",
				);
				PRODUCT_BUNDLE_IDENTIFIER = euan2.com.PocketMoneyTrackerUITests;
				PRODUCT_NAME = "$(TARGET_NAME)";
				SWIFT_VERSION = 5.0;
				TARGETED_DEVICE_FAMILY = "1,2";
				TEST_TARGET_NAME = PocketMoneyTracker;
			};
			name = Debug;
		};
		BE8D17652338A3EA0005A73B /* Release */ = {
			isa = XCBuildConfiguration;
			buildSettings = {
				ALWAYS_EMBED_SWIFT_STANDARD_LIBRARIES = YES;
				CODE_SIGN_STYLE = Automatic;
				DEVELOPMENT_TEAM = LUYCFUH4F2;
				INFOPLIST_FILE = PocketMoneyTrackerUITests/Info.plist;
				LD_RUNPATH_SEARCH_PATHS = (
					"$(inherited)",
					"@executable_path/Frameworks",
					"@loader_path/Frameworks",
				);
				PRODUCT_BUNDLE_IDENTIFIER = euan2.com.PocketMoneyTrackerUITests;
				PRODUCT_NAME = "$(TARGET_NAME)";
				SWIFT_VERSION = 5.0;
				TARGETED_DEVICE_FAMILY = "1,2";
				TEST_TARGET_NAME = PocketMoneyTracker;
			};
			name = Release;
		};
/* End XCBuildConfiguration section */

/* Begin XCConfigurationList section */
		BE8D173C2338A3DE0005A73B /* Build configuration list for PBXProject "PocketMoneyTracker" */ = {
			isa = XCConfigurationList;
			buildConfigurations = (
				BE8D175E2338A3EA0005A73B /* Debug */,
				BE8D175F2338A3EA0005A73B /* Release */,
			);
			defaultConfigurationIsVisible = 0;
			defaultConfigurationName = Release;
		};
		BE8D17602338A3EA0005A73B /* Build configuration list for PBXNativeTarget "PocketMoneyTracker" */ = {
			isa = XCConfigurationList;
			buildConfigurations = (
				BE8D17612338A3EA0005A73B /* Debug */,
				BE8D17622338A3EA0005A73B /* Release */,
			);
			defaultConfigurationIsVisible = 0;
			defaultConfigurationName = Release;
		};
		BE8D17632338A3EA0005A73B /* Build configuration list for PBXNativeTarget "PocketMoneyTrackerUITests" */ = {
			isa = XCConfigurationList;
			buildConfigurations = (
				BE8D17642338A3EA0005A73B /* Debug */,
				BE8D17652338A3EA0005A73B /* Release */,
			);
			defaultConfigurationIsVisible = 0;
			defaultConfigurationName = Release;
		};
/* End XCConfigurationList section */
	};
	rootObject = BE8D17392338A3DE0005A73B /* Project object */;
}
